
Microsoft Visual Studio Solution File, Format Version 12.00
# Visual Studio Version 16
VisualStudioVersion = 16.0.29424.173
MinimumVisualStudioVersion = 10.0.40219.1
Project("{9A19103F-16F7-4668-BE54-9A1E7A4F7556}") = "Domain", "Domain\Domain.csproj", "{A0FBF8E0-BBFA-4498-BC16-0FFA88439374}"
EndProject
Project("{9A19103F-16F7-4668-BE54-9A1E7A4F7556}") = "Application", "Application\Application.csproj", "{4A0A0D3C-0D53-4477-9957-3E89C91EEC73}"
EndProject
Project("{9A19103F-16F7-4668-BE54-9A1E7A4F7556}") = "Framework", "Framework\Framework.csproj", "{1DEE35BC-95DA-427F-86C0-A779F293E2CF}"
EndProject
Project("{9A19103F-16F7-4668-BE54-9A1E7A4F7556}") = "infrastructure", "infrastructure\infrastructure.csproj", "{61F67C32-A004-4114-8773-37E1D2202285}"
EndProject
Project("{9A19103F-16F7-4668-BE54-9A1E7A4F7556}") = "WebAPI", "WebAPI\WebAPI.csproj", "{D9FE1F00-8D83-41F8-956A-ECE0A6D9BE75}"
EndProject
Project("{9A19103F-16F7-4668-BE54-9A1E7A4F7556}") = "Migrations", "Migrations\Migrations.csproj", "{A7ECECDF-1B11-4014-B7DF-98CDE90825A3}"
EndProject
Project("{FAE04EC0-301F-11D3-BF4B-00C04F79EFBC}") = "Tests", "Tests\Tests.csproj", "{A369EE88-8F17-4E5C-9C73-842B03E50AAE}"
EndProject
Global
	GlobalSection(SolutionConfigurationPlatforms) = preSolution
		Debug|Any CPU = Debug|Any CPU
		Release|Any CPU = Release|Any CPU
	EndGlobalSection
	GlobalSection(ProjectConfigurationPlatforms) = postSolution
		{A0FBF8E0-BBFA-4498-BC16-0FFA88439374}.Debug|Any CPU.ActiveCfg = Debug|Any CPU
		{A0FBF8E0-BBFA-4498-BC16-0FFA88439374}.Debug|Any CPU.Build.0 = Debug|Any CPU
		{A0FBF8E0-BBFA-4498-BC16-0FFA88439374}.Release|Any CPU.ActiveCfg = Release|Any CPU
		{A0FBF8E0-BBFA-4498-BC16-0FFA88439374}.Release|Any CPU.Build.0 = Release|Any CPU
		{4A0A0D3C-0D53-4477-9957-3E89C91EEC73}.Debug|Any CPU.ActiveCfg = Debug|Any CPU
		{4A0A0D3C-0D53-4477-9957-3E89C91EEC73}.Debug|Any CPU.Build.0 = Debug|Any CPU
		{4A0A0D3C-0D53-4477-9957-3E89C91EEC73}.Release|Any CPU.ActiveCfg = Release|Any CPU
		{4A0A0D3C-0D53-4477-9957-3E89C91EEC73}.Release|Any CPU.Build.0 = Release|Any CPU
		{1DEE35BC-95DA-427F-86C0-A779F293E2CF}.Debug|Any CPU.ActiveCfg = Debug|Any CPU
		{1DEE35BC-95DA-427F-86C0-A779F293E2CF}.Debug|Any CPU.Build.0 = Debug|Any CPU
		{1DEE35BC-95DA-427F-86C0-A779F293E2CF}.Release|Any CPU.ActiveCfg = Release|Any CPU
		{1DEE35BC-95DA-427F-86C0-A779F293E2CF}.Release|Any CPU.Build.0 = Release|Any CPU
		{61F67C32-A004-4114-8773-37E1D2202285}.Debug|Any CPU.ActiveCfg = Debug|Any CPU
		{61F67C32-A004-4114-8773-37E1D2202285}.Debug|Any CPU.Build.0 = Debug|Any CPU
		{61F67C32-A004-4114-8773-37E1D2202285}.Release|Any CPU.ActiveCfg = Release|Any CPU
		{61F67C32-A004-4114-8773-37E1D2202285}.Release|Any CPU.Build.0 = Release|Any CPU
		{D9FE1F00-8D83-41F8-956A-ECE0A6D9BE75}.Debug|Any CPU.ActiveCfg = Debug|Any CPU
		{D9FE1F00-8D83-41F8-956A-ECE0A6D9BE75}.Debug|Any CPU.Build.0 = Debug|Any CPU
		{D9FE1F00-8D83-41F8-956A-ECE0A6D9BE75}.Release|Any CPU.ActiveCfg = Release|Any CPU
		{D9FE1F00-8D83-41F8-956A-ECE0A6D9BE75}.Release|Any CPU.Build.0 = Release|Any CPU
		{A7ECECDF-1B11-4014-B7DF-98CDE90825A3}.Debug|Any CPU.ActiveCfg = Debug|Any CPU
		{A7ECECDF-1B11-4014-B7DF-98CDE90825A3}.Debug|Any CPU.Build.0 = Debug|Any CPU
		{A7ECECDF-1B11-4014-B7DF-98CDE90825A3}.Release|Any CPU.ActiveCfg = Release|Any CPU
		{A7ECECDF-1B11-4014-B7DF-98CDE90825A3}.Release|Any CPU.Build.0 = Release|Any CPU
		{A369EE88-8F17-4E5C-9C73-842B03E50AAE}.Debug|Any CPU.ActiveCfg = Debug|Any CPU
		{A369EE88-8F17-4E5C-9C73-842B03E50AAE}.Debug|Any CPU.Build.0 = Debug|Any CPU
		{A369EE88-8F17-4E5C-9C73-842B03E50AAE}.Release|Any CPU.ActiveCfg = Release|Any CPU
		{A369EE88-8F17-4E5C-9C73-842B03E50AAE}.Release|Any CPU.Build.0 = Release|Any CPU
	EndGlobalSection
	GlobalSection(SolutionProperties) = preSolution
		HideSolutionNode = FALSE
	EndGlobalSection
	GlobalSection(ExtensibilityGlobals) = postSolution
		SolutionGuid = {C3B6DBE6-86C7-43D4-BC49-9C0A9A6D2C4D}
	EndGlobalSection
EndGlobal
